
Microsoft Visual Studio Solution File, Format Version 12.00
# Visual Studio 15
VisualStudioVersion = 15.0.27004.2009
MinimumVisualStudioVersion = 10.0.40219.1
Project("{FAE04EC0-301F-11D3-BF4B-00C04F79EFBC}") = "ServicioPong", "ServicioPong\ServicioPong.csproj", "{AD01A944-6024-4096-873C-BC61EAD43996}"
EndProject
Project("{2150E333-8FDC-42A3-9474-1A3956D46DE8}") = "1. ServicioWeb", "1. ServicioWeb", "{4BC6CE65-A8EE-4F60-8903-93456B18FBED}"
EndProject
Project("{2150E333-8FDC-42A3-9474-1A3956D46DE8}") = "2. Aplicacion", "2. Aplicacion", "{EC76AD46-71A1-4414-9927-1E4AE207D7E4}"
EndProject
Project("{2150E333-8FDC-42A3-9474-1A3956D46DE8}") = "3. Dominio", "3. Dominio", "{B121C599-CAC0-44D0-90DF-E92424F55ADB}"
EndProject
Project("{2150E333-8FDC-42A3-9474-1A3956D46DE8}") = "4. Infraestructura", "4. Infraestructura", "{6D54E7BA-58CB-4A3C-A376-15EAC644437A}"
EndProject
Project("{2150E333-8FDC-42A3-9474-1A3956D46DE8}") = "Adaptadores", "Adaptadores", "{43F9E6FE-3C2D-4E95-8B49-8143A7B8EA59}"
EndProject
Project("{2150E333-8FDC-42A3-9474-1A3956D46DE8}") = "Servicios", "Servicios", "{131D21C4-3EAF-47EE-A016-5E5D09D46526}"
EndProject
Project("{FAE04EC0-301F-11D3-BF4B-00C04F79EFBC}") = "Aplicacion.Servicios", "Aplicacion.Servicios\Aplicacion.Servicios.csproj", "{025B33C7-ED34-4490-A9FF-C3DF2C1B629D}"
EndProject
Project("{FAE04EC0-301F-11D3-BF4B-00C04F79EFBC}") = "Aplicacion.Adaptadores.AMQP.Enviar", "Adaptadores.AMQP\Aplicacion.Adaptadores.AMQP.Enviar.csproj", "{ADF0436D-EC11-4436-9561-361FC3A3F831}"
EndProject
Project("{FAE04EC0-301F-11D3-BF4B-00C04F79EFBC}") = "Aplicacion.Adaptadores.AMQP.Recibir", "Adaptadores.AMQP.Recibir\Aplicacion.Adaptadores.AMQP.Recibir.csproj", "{EEBA208B-DADE-4511-B954-44B05B6FED3E}"
EndProject
Project("{FAE04EC0-301F-11D3-BF4B-00C04F79EFBC}") = "Infraestructura.Framework", "Infraestructura.Framework\Infraestructura.Framework.csproj", "{8BCE39E4-23AF-48B4-B413-1F6B0FEFC337}"
EndProject
Project("{FAE04EC0-301F-11D3-BF4B-00C04F79EFBC}") = "Dominio.Logs", "Domini.Logs\Dominio.Logs.csproj", "{2117AC13-CB5B-4D3D-886F-C117D01D0B13}"
EndProject
Project("{FAE04EC0-301F-11D3-BF4B-00C04F79EFBC}") = "Dominio.Entidades", "Dominio.Entidades\Dominio.Entidades.csproj", "{E15CF634-1BC8-401A-8504-18663F9626B1}"
EndProject
Project("{FAE04EC0-301F-11D3-BF4B-00C04F79EFBC}") = "Dominio.Servicios", "Dominio.Servicios\Dominio.Servicios.csproj", "{6E7539D4-921C-40EE-BC15-B81F968DCC34}"
EndProject
Global
	GlobalSection(SolutionConfigurationPlatforms) = preSolution
		Debug|Any CPU = Debug|Any CPU
		Release|Any CPU = Release|Any CPU
	EndGlobalSection
	GlobalSection(ProjectConfigurationPlatforms) = postSolution
		{AD01A944-6024-4096-873C-BC61EAD43996}.Debug|Any CPU.ActiveCfg = Debug|Any CPU
		{AD01A944-6024-4096-873C-BC61EAD43996}.Debug|Any CPU.Build.0 = Debug|Any CPU
		{AD01A944-6024-4096-873C-BC61EAD43996}.Release|Any CPU.ActiveCfg = Release|Any CPU
		{AD01A944-6024-4096-873C-BC61EAD43996}.Release|Any CPU.Build.0 = Release|Any CPU
		{025B33C7-ED34-4490-A9FF-C3DF2C1B629D}.Debug|Any CPU.ActiveCfg = Debug|Any CPU
		{025B33C7-ED34-4490-A9FF-C3DF2C1B629D}.Debug|Any CPU.Build.0 = Debug|Any CPU
		{025B33C7-ED34-4490-A9FF-C3DF2C1B629D}.Release|Any CPU.ActiveCfg = Release|Any CPU
		{025B33C7-ED34-4490-A9FF-C3DF2C1B629D}.Release|Any CPU.Build.0 = Release|Any CPU
		{ADF0436D-EC11-4436-9561-361FC3A3F831}.Debug|Any CPU.ActiveCfg = Debug|Any CPU
		{ADF0436D-EC11-4436-9561-361FC3A3F831}.Debug|Any CPU.Build.0 = Debug|Any CPU
		{ADF0436D-EC11-4436-9561-361FC3A3F831}.Release|Any CPU.ActiveCfg = Release|Any CPU
		{ADF0436D-EC11-4436-9561-361FC3A3F831}.Release|Any CPU.Build.0 = Release|Any CPU
		{EEBA208B-DADE-4511-B954-44B05B6FED3E}.Debug|Any CPU.ActiveCfg = Debug|Any CPU
		{EEBA208B-DADE-4511-B954-44B05B6FED3E}.Debug|Any CPU.Build.0 = Debug|Any CPU
		{EEBA208B-DADE-4511-B954-44B05B6FED3E}.Release|Any CPU.ActiveCfg = Release|Any CPU
		{EEBA208B-DADE-4511-B954-44B05B6FED3E}.Release|Any CPU.Build.0 = Release|Any CPU
		{8BCE39E4-23AF-48B4-B413-1F6B0FEFC337}.Debug|Any CPU.ActiveCfg = Debug|Any CPU
		{8BCE39E4-23AF-48B4-B413-1F6B0FEFC337}.Debug|Any CPU.Build.0 = Debug|Any CPU
		{8BCE39E4-23AF-48B4-B413-1F6B0FEFC337}.Release|Any CPU.ActiveCfg = Release|Any CPU
		{8BCE39E4-23AF-48B4-B413-1F6B0FEFC337}.Release|Any CPU.Build.0 = Release|Any CPU
		{2117AC13-CB5B-4D3D-886F-C117D01D0B13}.Debug|Any CPU.ActiveCfg = Debug|Any CPU
		{2117AC13-CB5B-4D3D-886F-C117D01D0B13}.Debug|Any CPU.Build.0 = Debug|Any CPU
		{2117AC13-CB5B-4D3D-886F-C117D01D0B13}.Release|Any CPU.ActiveCfg = Release|Any CPU
		{2117AC13-CB5B-4D3D-886F-C117D01D0B13}.Release|Any CPU.Build.0 = Release|Any CPU
		{E15CF634-1BC8-401A-8504-18663F9626B1}.Debug|Any CPU.ActiveCfg = Debug|Any CPU
		{E15CF634-1BC8-401A-8504-18663F9626B1}.Debug|Any CPU.Build.0 = Debug|Any CPU
		{E15CF634-1BC8-401A-8504-18663F9626B1}.Release|Any CPU.ActiveCfg = Release|Any CPU
		{E15CF634-1BC8-401A-8504-18663F9626B1}.Release|Any CPU.Build.0 = Release|Any CPU
		{6E7539D4-921C-40EE-BC15-B81F968DCC34}.Debug|Any CPU.ActiveCfg = Debug|Any CPU
		{6E7539D4-921C-40EE-BC15-B81F968DCC34}.Debug|Any CPU.Build.0 = Debug|Any CPU
		{6E7539D4-921C-40EE-BC15-B81F968DCC34}.Release|Any CPU.ActiveCfg = Release|Any CPU
		{6E7539D4-921C-40EE-BC15-B81F968DCC34}.Release|Any CPU.Build.0 = Release|Any CPU
	EndGlobalSection
	GlobalSection(SolutionProperties) = preSolution
		HideSolutionNode = FALSE
	EndGlobalSection
	GlobalSection(NestedProjects) = preSolution
		{AD01A944-6024-4096-873C-BC61EAD43996} = {4BC6CE65-A8EE-4F60-8903-93456B18FBED}
		{43F9E6FE-3C2D-4E95-8B49-8143A7B8EA59} = {EC76AD46-71A1-4414-9927-1E4AE207D7E4}
		{131D21C4-3EAF-47EE-A016-5E5D09D46526} = {EC76AD46-71A1-4414-9927-1E4AE207D7E4}
		{025B33C7-ED34-4490-A9FF-C3DF2C1B629D} = {131D21C4-3EAF-47EE-A016-5E5D09D46526}
		{ADF0436D-EC11-4436-9561-361FC3A3F831} = {43F9E6FE-3C2D-4E95-8B49-8143A7B8EA59}
		{EEBA208B-DADE-4511-B954-44B05B6FED3E} = {43F9E6FE-3C2D-4E95-8B49-8143A7B8EA59}
		{8BCE39E4-23AF-48B4-B413-1F6B0FEFC337} = {6D54E7BA-58CB-4A3C-A376-15EAC644437A}
		{2117AC13-CB5B-4D3D-886F-C117D01D0B13} = {B121C599-CAC0-44D0-90DF-E92424F55ADB}
		{E15CF634-1BC8-401A-8504-18663F9626B1} = {B121C599-CAC0-44D0-90DF-E92424F55ADB}
		{6E7539D4-921C-40EE-BC15-B81F968DCC34} = {B121C599-CAC0-44D0-90DF-E92424F55ADB}
	EndGlobalSection
	GlobalSection(ExtensibilityGlobals) = postSolution
		SolutionGuid = {4F954116-3D3D-404D-895E-8ACAC5682908}
	EndGlobalSection
EndGlobal
